
Microsoft Visual Studio Solution File, Format Version 12.00
# Visual Studio 2012
Project("{FAE04EC0-301F-11D3-BF4B-00C04F79EFBC}") = "Rochas.CacheServer", "Rochas.CacheServer\Rochas.CacheServer.csproj", "{7E78BCA1-A4A8-41A7-B4BC-503D60696AEF}"
EndProject
Global
	GlobalSection(SolutionConfigurationPlatforms) = preSolution
		Debug|Any CPU = Debug|Any CPU
		Release|Any CPU = Release|Any CPU
	EndGlobalSection
	GlobalSection(ProjectConfigurationPlatforms) = postSolution
		{7E78BCA1-A4A8-41A7-B4BC-503D60696AEF}.Debug|Any CPU.ActiveCfg = Debug|Any CPU
		{7E78BCA1-A4A8-41A7-B4BC-503D60696AEF}.Debug|Any CPU.Build.0 = Debug|Any CPU
		{7E78BCA1-A4A8-41A7-B4BC-503D60696AEF}.Release|Any CPU.ActiveCfg = Release|Any CPU
		{7E78BCA1-A4A8-41A7-B4BC-503D60696AEF}.Release|Any CPU.Build.0 = Release|Any CPU
	EndGlobalSection
	GlobalSection(SolutionProperties) = preSolution
		HideSolutionNode = FALSE
	EndGlobalSection
EndGlobal
